
Microsoft Visual Studio Solution File, Format Version 12.00
# Visual Studio 15
VisualStudioVersion = 15.0.28306.52
MinimumVisualStudioVersion = 10.0.40219.1
Project("{FAE04EC0-301F-11D3-BF4B-00C04F79EFBC}") = "prog-4s-l7-1+1", "prog-4s-l7-1+1\prog-4s-l7-1+1.csproj", "{F3F26A8E-B455-4C4C-BBA6-8B7936E2E48A}"
EndProject
Global
	GlobalSection(SolutionConfigurationPlatforms) = preSolution
		Debug|Any CPU = Debug|Any CPU
		Release|Any CPU = Release|Any CPU
	EndGlobalSection
	GlobalSection(ProjectConfigurationPlatforms) = postSolution
		{F3F26A8E-B455-4C4C-BBA6-8B7936E2E48A}.Debug|Any CPU.ActiveCfg = Debug|Any CPU
		{F3F26A8E-B455-4C4C-BBA6-8B7936E2E48A}.Debug|Any CPU.Build.0 = Debug|Any CPU
		{F3F26A8E-B455-4C4C-BBA6-8B7936E2E48A}.Release|Any CPU.ActiveCfg = Release|Any CPU
		{F3F26A8E-B455-4C4C-BBA6-8B7936E2E48A}.Release|Any CPU.Build.0 = Release|Any CPU
	EndGlobalSection
	GlobalSection(SolutionProperties) = preSolution
		HideSolutionNode = FALSE
	EndGlobalSection
	GlobalSection(ExtensibilityGlobals) = postSolution
		SolutionGuid = {BFF1DDBB-CCA1-407A-B9DE-B1F4C771002A}
	EndGlobalSection
EndGlobal
